// !$*UTF8*$!
{
	archiveVersion = 1;
	classes = {
	};
	objectVersion = 48;
	objects = {

/* Begin PBXBuildFile section */
		DB6873C11F6D7B24005003B9 /* AppDelegate.swift in Sources */ = {isa = PBXBuildFile; fileRef = DB6873C01F6D7B24005003B9 /* AppDelegate.swift */; };
		DB6873C31F6D7B24005003B9 /* ViewController.swift in Sources */ = {isa = PBXBuildFile; fileRef = DB6873C21F6D7B24005003B9 /* ViewController.swift */; };
		DB6873C61F6D7B24005003B9 /* Main.storyboard in Resources */ = {isa = PBXBuildFile; fileRef = DB6873C41F6D7B24005003B9 /* Main.storyboard */; };
		DB6873C91F6D7B24005003B9 /* logInErrorHandling.xcdatamodeld in Sources */ = {isa = PBXBuildFile; fileRef = DB6873C71F6D7B24005003B9 /* logInErrorHandling.xcdatamodeld */; };
		DB6873CB1F6D7B24005003B9 /* Assets.xcassets in Resources */ = {isa = PBXBuildFile; fileRef = DB6873CA1F6D7B24005003B9 /* Assets.xcassets */; };
		DB6873CE1F6D7B24005003B9 /* LaunchScreen.storyboard in Resources */ = {isa = PBXBuildFile; fileRef = DB6873CC1F6D7B24005003B9 /* LaunchScreen.storyboard */; };
		DB6873D91F6D7B24005003B9 /* logInErrorHandlingTests.swift in Sources */ = {isa = PBXBuildFile; fileRef = DB6873D81F6D7B24005003B9 /* logInErrorHandlingTests.swift */; };
/* End PBXBuildFile section */

/* Begin PBXContainerItemProxy section */
		DB6873D51F6D7B24005003B9 /* PBXContainerItemProxy */ = {
			isa = PBXContainerItemProxy;
			containerPortal = DB6873B51F6D7B24005003B9 /* Project object */;
			proxyType = 1;
			remoteGlobalIDString = DB6873BC1F6D7B24005003B9;
			remoteInfo = logInErrorHandling;
		};
/* End PBXContainerItemProxy section */

/* Begin PBXFileReference section */
		DB6873BD1F6D7B24005003B9 /* logInErrorHandling.app */ = {isa = PBXFileReference; explicitFileType = wrapper.application; includeInIndex = 0; path = logInErrorHandling.app; sourceTree = BUILT_PRODUCTS_DIR; };
		DB6873C01F6D7B24005003B9 /* AppDelegate.swift */ = {isa = PBXFileReference; lastKnownFileType = sourcecode.swift; path = AppDelegate.swift; sourceTree = "<group>"; };
		DB6873C21F6D7B24005003B9 /* ViewController.swift */ = {isa = PBXFileReference; lastKnownFileType = sourcecode.swift; path = ViewController.swift; sourceTree = "<group>"; };
		DB6873C51F6D7B24005003B9 /* Base */ = {isa = PBXFileReference; lastKnownFileType = file.storyboard; name = Base; path = Base.lproj/Main.storyboard; sourceTree = "<group>"; };
		DB6873C81F6D7B24005003B9 /* logInErrorHandling.xcdatamodel */ = {isa = PBXFileReference; lastKnownFileType = wrapper.xcdatamodel; path = logInErrorHandling.xcdatamodel; sourceTree = "<group>"; };
		DB6873CA1F6D7B24005003B9 /* Assets.xcassets */ = {isa = PBXFileReference; lastKnownFileType = folder.assetcatalog; path = Assets.xcassets; sourceTree = "<group>"; };
		DB6873CD1F6D7B24005003B9 /* Base */ = {isa = PBXFileReference; lastKnownFileType = file.storyboard; name = Base; path = Base.lproj/LaunchScreen.storyboard; sourceTree = "<group>"; };
		DB6873CF1F6D7B24005003B9 /* Info.plist */ = {isa = PBXFileReference; lastKnownFileType = text.plist.xml; path = Info.plist; sourceTree = "<group>"; };
		DB6873D41F6D7B24005003B9 /* logInErrorHandlingTests.xctest */ = {isa = PBXFileReference; explicitFileType = wrapper.cfbundle; includeInIndex = 0; path = logInErrorHandlingTests.xctest; sourceTree = BUILT_PRODUCTS_DIR; };
		DB6873D81F6D7B24005003B9 /* logInErrorHandlingTests.swift */ = {isa = PBXFileReference; lastKnownFileType = sourcecode.swift; path = logInErrorHandlingTests.swift; sourceTree = "<group>"; };
		DB6873DA1F6D7B24005003B9 /* Info.plist */ = {isa = PBXFileReference; lastKnownFileType = text.plist.xml; path = Info.plist; sourceTree = "<group>"; };
/* End PBXFileReference section */

/* Begin PBXFrameworksBuildPhase section */
		DB6873BA1F6D7B24005003B9 /* Frameworks */ = {
			isa = PBXFrameworksBuildPhase;
			buildActionMask = 2147483647;
			files = (
			);
			runOnlyForDeploymentPostprocessing = 0;
		};
		DB6873D11F6D7B24005003B9 /* Frameworks */ = {
			isa = PBXFrameworksBuildPhase;
			buildActionMask = 2147483647;
			files = (
			);
			runOnlyForDeploymentPostprocessing = 0;
		};
/* End PBXFrameworksBuildPhase section */

/* Begin PBXGroup section */
		DB6873B41F6D7B24005003B9 = {
			isa = PBXGroup;
			children = (
				DB6873BF1F6D7B24005003B9 /* logInErrorHandling */,
				DB6873D71F6D7B24005003B9 /* logInErrorHandlingTests */,
				DB6873BE1F6D7B24005003B9 /* Products */,
			);
			sourceTree = "<group>";
		};
		DB6873BE1F6D7B24005003B9 /* Products */ = {
			isa = PBXGroup;
			children = (
				DB6873BD1F6D7B24005003B9 /* logInErrorHandling.app */,
				DB6873D41F6D7B24005003B9 /* logInErrorHandlingTests.xctest */,
			);
			name = Products;
			sourceTree = "<group>";
		};
		DB6873BF1F6D7B24005003B9 /* logInErrorHandling */ = {
			isa = PBXGroup;
			children = (
				DB6873C01F6D7B24005003B9 /* AppDelegate.swift */,
				DB6873C21F6D7B24005003B9 /* ViewController.swift */,
				DB6873C41F6D7B24005003B9 /* Main.storyboard */,
				DB6873CA1F6D7B24005003B9 /* Assets.xcassets */,
				DB6873CC1F6D7B24005003B9 /* LaunchScreen.storyboard */,
				DB6873CF1F6D7B24005003B9 /* Info.plist */,
				DB6873C71F6D7B24005003B9 /* logInErrorHandling.xcdatamodeld */,
			);
			path = logInErrorHandling;
			sourceTree = "<group>";
		};
		DB6873D71F6D7B24005003B9 /* logInErrorHandlingTests */ = {
			isa = PBXGroup;
			children = (
				DB6873D81F6D7B24005003B9 /* logInErrorHandlingTests.swift */,
				DB6873DA1F6D7B24005003B9 /* Info.plist */,
			);
			path = logInErrorHandlingTests;
			sourceTree = "<group>";
		};
/* End PBXGroup section */

/* Begin PBXNativeTarget section */
		DB6873BC1F6D7B24005003B9 /* logInErrorHandling */ = {
			isa = PBXNativeTarget;
			buildConfigurationList = DB6873DD1F6D7B24005003B9 /* Build configuration list for PBXNativeTarget "logInErrorHandling" */;
			buildPhases = (
				DB6873B91F6D7B24005003B9 /* Sources */,
				DB6873BA1F6D7B24005003B9 /* Frameworks */,
				DB6873BB1F6D7B24005003B9 /* Resources */,
			);
			buildRules = (
			);
			dependencies = (
			);
			name = logInErrorHandling;
			productName = logInErrorHandling;
			productReference = DB6873BD1F6D7B24005003B9 /* logInErrorHandling.app */;
			productType = "com.apple.product-type.application";
		};
		DB6873D31F6D7B24005003B9 /* logInErrorHandlingTests */ = {
			isa = PBXNativeTarget;
			buildConfigurationList = DB6873E01F6D7B24005003B9 /* Build configuration list for PBXNativeTarget "logInErrorHandlingTests" */;
			buildPhases = (
				DB6873D01F6D7B24005003B9 /* Sources */,
				DB6873D11F6D7B24005003B9 /* Frameworks */,
				DB6873D21F6D7B24005003B9 /* Resources */,
			);
			buildRules = (
			);
			dependencies = (
				DB6873D61F6D7B24005003B9 /* PBXTargetDependency */,
			);
			name = logInErrorHandlingTests;
			productName = logInErrorHandlingTests;
			productReference = DB6873D41F6D7B24005003B9 /* logInErrorHandlingTests.xctest */;
			productType = "com.apple.product-type.bundle.unit-test";
		};
/* End PBXNativeTarget section */

/* Begin PBXProject section */
		DB6873B51F6D7B24005003B9 /* Project object */ = {
			isa = PBXProject;
			attributes = {
				LastSwiftUpdateCheck = 0900;
				LastUpgradeCheck = 0900;
				ORGANIZATIONNAME = dilipGurjar;
				TargetAttributes = {
					DB6873BC1F6D7B24005003B9 = {
						CreatedOnToolsVersion = 9.0;
						ProvisioningStyle = Automatic;
					};
					DB6873D31F6D7B24005003B9 = {
						CreatedOnToolsVersion = 9.0;
						ProvisioningStyle = Automatic;
						TestTargetID = DB6873BC1F6D7B24005003B9;
					};
				};
			};
			buildConfigurationList = DB6873B81F6D7B24005003B9 /* Build configuration list for PBXProject "logInErrorHandling" */;
			compatibilityVersion = "Xcode 8.0";
			developmentRegion = en;
			hasScannedForEncodings = 0;
			knownRegions = (
				en,
				Base,
			);
			mainGroup = DB6873B41F6D7B24005003B9;
			productRefGroup = DB6873BE1F6D7B24005003B9 /* Products */;
			projectDirPath = "";
			projectRoot = "";
			targets = (
				DB6873BC1F6D7B24005003B9 /* logInErrorHandling */,
				DB6873D31F6D7B24005003B9 /* logInErrorHandlingTests */,
			);
		};
/* End PBXProject section */

/* Begin PBXResourcesBuildPhase section */
		DB6873BB1F6D7B24005003B9 /* Resources */ = {
			isa = PBXResourcesBuildPhase;
			buildActionMask = 2147483647;
			files = (
				DB6873CE1F6D7B24005003B9 /* LaunchScreen.storyboard in Resources */,
				DB6873CB1F6D7B24005003B9 /* Assets.xcassets in Resources */,
				DB6873C61F6D7B24005003B9 /* Main.storyboard in Resources */,
			);
			runOnlyForDeploymentPostprocessing = 0;
		};
		DB6873D21F6D7B24005003B9 /* Resources */ = {
			isa = PBXResourcesBuildPhase;
			buildActionMask = 2147483647;
			files = (
			);
			runOnlyForDeploymentPostprocessing = 0;
		};
/* End PBXResourcesBuildPhase section */

/* Begin PBXSourcesBuildPhase section */
		DB6873B91F6D7B24005003B9 /* Sources */ = {
			isa = PBXSourcesBuildPhase;
			buildActionMask = 2147483647;
			files = (
				DB6873C31F6D7B24005003B9 /* ViewController.swift in Sources */,
				DB6873C91F6D7B24005003B9 /* logInErrorHandling.xcdatamodeld in Sources */,
				DB6873C11F6D7B24005003B9 /* AppDelegate.swift in Sources */,
			);
			runOnlyForDeploymentPostprocessing = 0;
		};
		DB6873D01F6D7B24005003B9 /* Sources */ = {
			isa = PBXSourcesBuildPhase;
			buildActionMask = 2147483647;
			files = (
				DB6873D91F6D7B24005003B9 /* logInErrorHandlingTests.swift in Sources */,
			);
			runOnlyForDeploymentPostprocessing = 0;
		};
/* End PBXSourcesBuildPhase section */

/* Begin PBXTargetDependency section */
		DB6873D61F6D7B24005003B9 /* PBXTargetDependency */ = {
			isa = PBXTargetDependency;
			target = DB6873BC1F6D7B24005003B9 /* logInErrorHandling */;
			targetProxy = DB6873D51F6D7B24005003B9 /* PBXContainerItemProxy */;
		};
/* End PBXTargetDependency section */

/* Begin PBXVariantGroup section */
		DB6873C41F6D7B24005003B9 /* Main.storyboard */ = {
			isa = PBXVariantGroup;
			children = (
				DB6873C51F6D7B24005003B9 /* Base */,
			);
			name = Main.storyboard;
			sourceTree = "<group>";
		};
		DB6873CC1F6D7B24005003B9 /* LaunchScreen.storyboard */ = {
			isa = PBXVariantGroup;
			children = (
				DB6873CD1F6D7B24005003B9 /* Base */,
			);
			name = LaunchScreen.storyboard;
			sourceTree = "<group>";
		};
/* End PBXVariantGroup section */

/* Begin XCBuildConfiguration section */
		DB6873DB1F6D7B24005003B9 /* Debug */ = {
			isa = XCBuildConfiguration;
			buildSettings = {
				ALWAYS_SEARCH_USER_PATHS = NO;
				CLANG_ANALYZER_NONNULL = YES;
				CLANG_ANALYZER_NUMBER_OBJECT_CONVERSION = YES_AGGRESSIVE;
				CLANG_CXX_LANGUAGE_STANDARD = "gnu++14";
				CLANG_CXX_LIBRARY = "libc++";
				CLANG_ENABLE_MODULES = YES;
				CLANG_ENABLE_OBJC_ARC = YES;
				CLANG_WARN_BLOCK_CAPTURE_AUTORELEASING = YES;
				CLANG_WARN_BOOL_CONVERSION = YES;
				CLANG_WARN_COMMA = YES;
				CLANG_WARN_CONSTANT_CONVERSION = YES;
				CLANG_WARN_DIRECT_OBJC_ISA_USAGE = YES_ERROR;
				CLANG_WARN_DOCUMENTATION_COMMENTS = YES;
				CLANG_WARN_EMPTY_BODY = YES;
				CLANG_WARN_ENUM_CONVERSION = YES;
				CLANG_WARN_INFINITE_RECURSION = YES;
				CLANG_WARN_INT_CONVERSION = YES;
				CLANG_WARN_NON_LITERAL_NULL_CONVERSION = YES;
				CLANG_WARN_OBJC_LITERAL_CONVERSION = YES;
				CLANG_WARN_OBJC_ROOT_CLASS = YES_ERROR;
				CLANG_WARN_RANGE_LOOP_ANALYSIS = YES;
				CLANG_WARN_STRICT_PROTOTYPES = YES;
				CLANG_WARN_SUSPICIOUS_MOVE = YES;
				CLANG_WARN_UNGUARDED_AVAILABILITY = YES_AGGRESSIVE;
				CLANG_WARN_UNREACHABLE_CODE = YES;
				CLANG_WARN__DUPLICATE_METHOD_MATCH = YES;
				CODE_SIGN_IDENTITY = "iPhone Developer";
				COPY_PHASE_STRIP = NO;
				DEBUG_INFORMATION_FORMAT = dwarf;
				ENABLE_STRICT_OBJC_MSGSEND = YES;
				ENABLE_TESTABILITY = YES;
				GCC_C_LANGUAGE_STANDARD = gnu11;
				GCC_DYNAMIC_NO_PIC = NO;
				GCC_NO_COMMON_BLOCKS = YES;
				GCC_OPTIMIZATION_LEVEL = 0;
				GCC_PREPROCESSOR_DEFINITIONS = (
					"DEBUG=1",
					"$(inherited)",
				);
				GCC_WARN_64_TO_32_BIT_CONVERSION = YES;
				GCC_WARN_ABOUT_RETURN_TYPE = YES_ERROR;
				GCC_WARN_UNDECLARED_SELECTOR = YES;
				GCC_WARN_UNINITIALIZED_AUTOS = YES_AGGRESSIVE;
				GCC_WARN_UNUSED_FUNCTION = YES;
				GCC_WARN_UNUSED_VARIABLE = YES;
				IPHONEOS_DEPLOYMENT_TARGET = 11.0;
				MTL_ENABLE_DEBUG_INFO = YES;
				ONLY_ACTIVE_ARCH = YES;
				SDKROOT = iphoneos;
				SWIFT_ACTIVE_COMPILATION_CONDITIONS = DEBUG;
				SWIFT_OPTIMIZATION_LEVEL = "-Onone";
			};
			name = Debug;
		};
		DB6873DC1F6D7B24005003B9 /* Release */ = {
			isa = XCBuildConfiguration;
			buildSettings = {
				ALWAYS_SEARCH_USER_PATHS = NO;
				CLANG_ANALYZER_NONNULL = YES;
				CLANG_ANALYZER_NUMBER_OBJECT_CONVERSION = YES_AGGRESSIVE;
				CLANG_CXX_LANGUAGE_STANDARD = "gnu++14";
				CLANG_CXX_LIBRARY = "libc++";
				CLANG_ENABLE_MODULES = YES;
				CLANG_ENABLE_OBJC_ARC = YES;
				CLANG_WARN_BLOCK_CAPTURE_AUTORELEASING = YES;
				CLANG_WARN_BOOL_CONVERSION = YES;
				CLANG_WARN_COMMA = YES;
				CLANG_WARN_CONSTANT_CONVERSION = YES;
				CLANG_WARN_DIRECT_OBJC_ISA_USAGE = YES_ERROR;
				CLANG_WARN_DOCUMENTATION_COMMENTS = YES;
				CLANG_WARN_EMPTY_BODY = YES;
				CLANG_WARN_ENUM_CONVERSION = YES;
				CLANG_WARN_INFINITE_RECURSION = YES;
				CLANG_WARN_INT_CONVERSION = YES;
				CLANG_WARN_NON_LITERAL_NULL_CONVERSION = YES;
				CLANG_WARN_OBJC_LITERAL_CONVERSION = YES;
				CLANG_WARN_OBJC_ROOT_CLASS = YES_ERROR;
				CLANG_WARN_RANGE_LOOP_ANALYSIS = YES;
				CLANG_WARN_STRICT_PROTOTYPES = YES;
				CLANG_WARN_SUSPICIOUS_MOVE = YES;
				CLANG_WARN_UNGUARDED_AVAILABILITY = YES_AGGRESSIVE;
				CLANG_WARN_UNREACHABLE_CODE = YES;
				CLANG_WARN__DUPLICATE_METHOD_MATCH = YES;
				CODE_SIGN_IDENTITY = "iPhone Developer";
				COPY_PHASE_STRIP = NO;
				DEBUG_INFORMATION_FORMAT = "dwarf-with-dsym";
				ENABLE_NS_ASSERTIONS = NO;
				ENABLE_STRICT_OBJC_MSGSEND = YES;
				GCC_C_LANGUAGE_STANDARD = gnu11;
				GCC_NO_COMMON_BLOCKS = YES;
				GCC_WARN_64_TO_32_BIT_CONVERSION = YES;
				GCC_WARN_ABOUT_RETURN_TYPE = YES_ERROR;
				GCC_WARN_UNDECLARED_SELECTOR = YES;
				GCC_WARN_UNINITIALIZED_AUTOS = YES_AGGRESSIVE;
				GCC_WARN_UNUSED_FUNCTION = YES;
				GCC_WARN_UNUSED_VARIABLE = YES;
				IPHONEOS_DEPLOYMENT_TARGET = 11.0;
				MTL_ENABLE_DEBUG_INFO = NO;
				SDKROOT = iphoneos;
				SWIFT_OPTIMIZATION_LEVEL = "-Owholemodule";
				VALIDATE_PRODUCT = YES;
			};
			name = Release;
		};
		DB6873DE1F6D7B24005003B9 /* Debug */ = {
			isa = XCBuildConfiguration;
			buildSettings = {
				ASSETCATALOG_COMPILER_APPICON_NAME = AppIcon;
				CODE_SIGN_STYLE = Automatic;
				DEVELOPMENT_TEAM = 69BGRT6C4E;
				INFOPLIST_FILE = logInErrorHandling/Info.plist;
				LD_RUNPATH_SEARCH_PATHS = "$(inherited) @executable_path/Frameworks";
				PRODUCT_BUNDLE_IDENTIFIER = com.dilipGurjar.logInErrorHandling;
				PRODUCT_NAME = "$(TARGET_NAME)";
				SWIFT_VERSION = 4.0;
				TARGETED_DEVICE_FAMILY = "1,2";
			};
			name = Debug;
		};
		DB6873DF1F6D7B24005003B9 /* Release */ = {
			isa = XCBuildConfiguration;
			buildSettings = {
				ASSETCATALOG_COMPILER_APPICON_NAME = AppIcon;
				CODE_SIGN_STYLE = Automatic;
				DEVELOPMENT_TEAM = 69BGRT6C4E;
				INFOPLIST_FILE = logInErrorHandling/Info.plist;
				LD_RUNPATH_SEARCH_PATHS = "$(inherited) @executable_path/Frameworks";
				PRODUCT_BUNDLE_IDENTIFIER = com.dilipGurjar.logInErrorHandling;
				PRODUCT_NAME = "$(TARGET_NAME)";
				SWIFT_VERSION = 4.0;
				TARGETED_DEVICE_FAMILY = "1,2";
			};
			name = Release;
		};
		DB6873E11F6D7B24005003B9 /* Debug */ = {
			isa = XCBuildConfiguration;
			buildSettings = {
				ALWAYS_EMBED_SWIFT_STANDARD_LIBRARIES = YES;
				BUNDLE_LOADER = "$(TEST_HOST)";
				CODE_SIGN_STYLE = Automatic;
				DEVELOPMENT_TEAM = 69BGRT6C4E;
				INFOPLIST_FILE = logInErrorHandlingTests/Info.plist;
				LD_RUNPATH_SEARCH_PATHS = "$(inherited) @executable_path/Frameworks @loader_path/Frameworks";
				PRODUCT_BUNDLE_IDENTIFIER = com.dilipGurjar.logInErrorHandlingTests;
				PRODUCT_NAME = "$(TARGET_NAME)";
				SWIFT_VERSION = 4.0;
				TARGETED_DEVICE_FAMILY = "1,2";
				TEST_HOST = "$(BUILT_PRODUCTS_DIR)/logInErrorHandling.app/logInErrorHandling";
			};
			name = Debug;
		};
		DB6873E21F6D7B24005003B9 /* Release */ = {
			isa = XCBuildConfiguration;
			buildSettings = {
				ALWAYS_EMBED_SWIFT_STANDARD_LIBRARIES = YES;
				BUNDLE_LOADER = "$(TEST_HOST)";
				CODE_SIGN_STYLE = Automatic;
				DEVELOPMENT_TEAM = 69BGRT6C4E;
				INFOPLIST_FILE = logInErrorHandlingTests/Info.plist;
				LD_RUNPATH_SEARCH_PATHS = "$(inherited) @executable_path/Frameworks @loader_path/Frameworks";
				PRODUCT_BUNDLE_IDENTIFIER = com.dilipGurjar.logInErrorHandlingTests;
				PRODUCT_NAME = "$(TARGET_NAME)";
				SWIFT_VERSION = 4.0;
				TARGETED_DEVICE_FAMILY = "1,2";
				TEST_HOST = "$(BUILT_PRODUCTS_DIR)/logInErrorHandling.app/logInErrorHandling";
			};
			name = Release;
		};
/* End XCBuildConfiguration section */

/* Begin XCConfigurationList section */
		DB6873B81F6D7B24005003B9 /* Build configuration list for PBXProject "logInErrorHandling" */ = {
			isa = XCConfigurationList;
			buildConfigurations = (
				DB6873DB1F6D7B24005003B9 /* Debug */,
				DB6873DC1F6D7B24005003B9 /* Release */,
			);
			defaultConfigurationIsVisible = 0;
			defaultConfigurationName = Release;
		};
		DB6873DD1F6D7B24005003B9 /* Build configuration list for PBXNativeTarget "logInErrorHandling" */ = {
			isa = XCConfigurationList;
			buildConfigurations = (
				DB6873DE1F6D7B24005003B9 /* Debug */,
				DB6873DF1F6D7B24005003B9 /* Release */,
			);
			defaultConfigurationIsVisible = 0;
			defaultConfigurationName = Release;
		};
		DB6873E01F6D7B24005003B9 /* Build configuration list for PBXNativeTarget "logInErrorHandlingTests" */ = {
			isa = XCConfigurationList;
			buildConfigurations = (
				DB6873E11F6D7B24005003B9 /* Debug */,
				DB6873E21F6D7B24005003B9 /* Release */,
			);
			defaultConfigurationIsVisible = 0;
			defaultConfigurationName = Release;
		};
/* End XCConfigurationList section */

/* Begin XCVersionGroup section */
		DB6873C71F6D7B24005003B9 /* logInErrorHandling.xcdatamodeld */ = {
			isa = XCVersionGroup;
			children = (
				DB6873C81F6D7B24005003B9 /* logInErrorHandling.xcdatamodel */,
			);
			currentVersion = DB6873C81F6D7B24005003B9 /* logInErrorHandling.xcdatamodel */;
			path = logInErrorHandling.xcdatamodeld;
			sourceTree = "<group>";
			versionGroupType = wrapper.xcdatamodel;
		};
/* End XCVersionGroup section */
	};
	rootObject = DB6873B51F6D7B24005003B9 /* Project object */;
}
